
Microsoft Visual Studio Solution File, Format Version 12.00
# Visual Studio Version 17
VisualStudioVersion = 17.10.34916.146
MinimumVisualStudioVersion = 10.0.40219.1
Project("{9A19103F-16F7-4668-BE54-9A1E7A4F7556}") = "Task1", "Task1\Task1.csproj", "{7C57E971-7ADD-41AB-884D-FA55AB8770B9}"
EndProject
Project("{9A19103F-16F7-4668-BE54-9A1E7A4F7556}") = "Task2", "Task2\Task2.csproj", "{53010980-0B6C-47C9-A2D4-B47E0B79CB3B}"
EndProject
Project("{9A19103F-16F7-4668-BE54-9A1E7A4F7556}") = "Task3", "Task3\Task3.csproj", "{EFE328D1-444F-4CE2-A0C1-73B310770A62}"
EndProject
Project("{FAE04EC0-301F-11D3-BF4B-00C04F79EFBC}") = "Task4", "Task4\Task4.csproj", "{0894E7FD-8D17-4A9C-BA3A-D5FEE9DDB0B5}"
EndProject
Project("{FAE04EC0-301F-11D3-BF4B-00C04F79EFBC}") = "Task5", "Task5\Task5.csproj", "{596A3DB4-654A-4BE1-8D64-A2A06EEB0072}"
EndProject
Global
	GlobalSection(SolutionConfigurationPlatforms) = preSolution
		Debug|Any CPU = Debug|Any CPU
		Release|Any CPU = Release|Any CPU
	EndGlobalSection
	GlobalSection(ProjectConfigurationPlatforms) = postSolution
		{7C57E971-7ADD-41AB-884D-FA55AB8770B9}.Debug|Any CPU.ActiveCfg = Debug|Any CPU
		{7C57E971-7ADD-41AB-884D-FA55AB8770B9}.Debug|Any CPU.Build.0 = Debug|Any CPU
		{7C57E971-7ADD-41AB-884D-FA55AB8770B9}.Release|Any CPU.ActiveCfg = Release|Any CPU
		{7C57E971-7ADD-41AB-884D-FA55AB8770B9}.Release|Any CPU.Build.0 = Release|Any CPU
		{53010980-0B6C-47C9-A2D4-B47E0B79CB3B}.Debug|Any CPU.ActiveCfg = Debug|Any CPU
		{53010980-0B6C-47C9-A2D4-B47E0B79CB3B}.Debug|Any CPU.Build.0 = Debug|Any CPU
		{53010980-0B6C-47C9-A2D4-B47E0B79CB3B}.Release|Any CPU.ActiveCfg = Release|Any CPU
		{53010980-0B6C-47C9-A2D4-B47E0B79CB3B}.Release|Any CPU.Build.0 = Release|Any CPU
		{EFE328D1-444F-4CE2-A0C1-73B310770A62}.Debug|Any CPU.ActiveCfg = Debug|Any CPU
		{EFE328D1-444F-4CE2-A0C1-73B310770A62}.Debug|Any CPU.Build.0 = Debug|Any CPU
		{EFE328D1-444F-4CE2-A0C1-73B310770A62}.Release|Any CPU.ActiveCfg = Release|Any CPU
		{EFE328D1-444F-4CE2-A0C1-73B310770A62}.Release|Any CPU.Build.0 = Release|Any CPU
		{0894E7FD-8D17-4A9C-BA3A-D5FEE9DDB0B5}.Debug|Any CPU.ActiveCfg = Debug|Any CPU
		{0894E7FD-8D17-4A9C-BA3A-D5FEE9DDB0B5}.Debug|Any CPU.Build.0 = Debug|Any CPU
		{0894E7FD-8D17-4A9C-BA3A-D5FEE9DDB0B5}.Release|Any CPU.ActiveCfg = Release|Any CPU
		{0894E7FD-8D17-4A9C-BA3A-D5FEE9DDB0B5}.Release|Any CPU.Build.0 = Release|Any CPU
		{596A3DB4-654A-4BE1-8D64-A2A06EEB0072}.Debug|Any CPU.ActiveCfg = Debug|Any CPU
		{596A3DB4-654A-4BE1-8D64-A2A06EEB0072}.Debug|Any CPU.Build.0 = Debug|Any CPU
		{596A3DB4-654A-4BE1-8D64-A2A06EEB0072}.Release|Any CPU.ActiveCfg = Release|Any CPU
		{596A3DB4-654A-4BE1-8D64-A2A06EEB0072}.Release|Any CPU.Build.0 = Release|Any CPU
	EndGlobalSection
	GlobalSection(SolutionProperties) = preSolution
		HideSolutionNode = FALSE
	EndGlobalSection
	GlobalSection(ExtensibilityGlobals) = postSolution
		SolutionGuid = {1D14CCF9-E7E5-4283-BBB7-2759FA021926}
	EndGlobalSection
EndGlobal
